
Microsoft Visual Studio Solution File, Format Version 12.00
# Visual Studio Version 17
VisualStudioVersion = 17.0.31903.59
MinimumVisualStudioVersion = 10.0.40219.1
Project("{FAE04EC0-301F-11D3-BF4B-00C04F79EFBC}") = "OfferService", "OfferService\OfferService.csproj", "{B87AE37B-1EE4-42C8-AF01-9DCAAD97CA5A}"
EndProject
Project("{FAE04EC0-301F-11D3-BF4B-00C04F79EFBC}") = "HotelService", "HotelService\HotelService.csproj", "{8172A90E-0E92-4A59-9236-F5EFE8159C2A}"
EndProject
Global
	GlobalSection(SolutionConfigurationPlatforms) = preSolution
		Debug|Any CPU = Debug|Any CPU
		Release|Any CPU = Release|Any CPU
	EndGlobalSection
	GlobalSection(SolutionProperties) = preSolution
		HideSolutionNode = FALSE
	EndGlobalSection
	GlobalSection(ProjectConfigurationPlatforms) = postSolution
		{B87AE37B-1EE4-42C8-AF01-9DCAAD97CA5A}.Debug|Any CPU.ActiveCfg = Debug|Any CPU
		{B87AE37B-1EE4-42C8-AF01-9DCAAD97CA5A}.Debug|Any CPU.Build.0 = Debug|Any CPU
		{B87AE37B-1EE4-42C8-AF01-9DCAAD97CA5A}.Release|Any CPU.ActiveCfg = Release|Any CPU
		{B87AE37B-1EE4-42C8-AF01-9DCAAD97CA5A}.Release|Any CPU.Build.0 = Release|Any CPU
		{8172A90E-0E92-4A59-9236-F5EFE8159C2A}.Debug|Any CPU.ActiveCfg = Debug|Any CPU
		{8172A90E-0E92-4A59-9236-F5EFE8159C2A}.Debug|Any CPU.Build.0 = Debug|Any CPU
		{8172A90E-0E92-4A59-9236-F5EFE8159C2A}.Release|Any CPU.ActiveCfg = Release|Any CPU
		{8172A90E-0E92-4A59-9236-F5EFE8159C2A}.Release|Any CPU.Build.0 = Release|Any CPU
	EndGlobalSection
EndGlobal
